
Microsoft Visual Studio Solution File, Format Version 12.00
# Visual Studio Version 16
VisualStudioVersion = 16.0.30114.105
MinimumVisualStudioVersion = 10.0.40219.1
Project("{2150E333-8FDC-42A3-9474-1A3956D46DE8}") = "src", "src", "{DD4716C4-BABE-41F4-8C34-F5BB8DF5302C}"
EndProject
Project("{FAE04EC0-301F-11D3-BF4B-00C04F79EFBC}") = "GeoMarker", "src\GeoMarker\GeoMarker.csproj", "{D21FABC6-5686-43A7-8D2E-36744641F987}"
EndProject
Global
	GlobalSection(SolutionConfigurationPlatforms) = preSolution
		Debug|Any CPU = Debug|Any CPU
		Release|Any CPU = Release|Any CPU
	EndGlobalSection
	GlobalSection(SolutionProperties) = preSolution
		HideSolutionNode = FALSE
	EndGlobalSection
	GlobalSection(ProjectConfigurationPlatforms) = postSolution
		{D21FABC6-5686-43A7-8D2E-36744641F987}.Debug|Any CPU.ActiveCfg = Debug|Any CPU
		{D21FABC6-5686-43A7-8D2E-36744641F987}.Debug|Any CPU.Build.0 = Debug|Any CPU
		{D21FABC6-5686-43A7-8D2E-36744641F987}.Release|Any CPU.ActiveCfg = Release|Any CPU
		{D21FABC6-5686-43A7-8D2E-36744641F987}.Release|Any CPU.Build.0 = Release|Any CPU
	EndGlobalSection
	GlobalSection(NestedProjects) = preSolution
		{D21FABC6-5686-43A7-8D2E-36744641F987} = {DD4716C4-BABE-41F4-8C34-F5BB8DF5302C}
	EndGlobalSection
EndGlobal
